PODS:
  - Alamofire (4.7.3)
  - FabricSell (1.0.6):
    - Alamofire
    - SDWebImage
  - SDWebImage (4.4.2):
    - SDWebImage/Core (= 4.4.2)
  - SDWebImage/Core (4.4.2)

DEPENDENCIES:
  - FabricSell (from `../`)

SPEC REPOS:
  https://github.com/cocoapods/specs.git:
    - Alamofire
    - SDWebImage

EXTERNAL SOURCES:
  FabricSell:
    :path: "../"

SPEC CHECKSUMS:
  Alamofire: c7287b6e5d7da964a70935e5db17046b7fde6568
  FabricSell: 3047f3886345b0d0ba3f37ecba8cf07e21db9963
  SDWebImage: 624d6e296c69b244bcede364c72ae0430ac14681

PODFILE CHECKSUM: 0116e8c80a328c120825b33136b0f4eda8892804

COCOAPODS: 1.5.3
